// !$*UTF8*$!
{
	archiveVersion = 1;
	classes = {
	};
	objectVersion = 50;
	objects = {

/* Begin PBXBuildFile section */
		188BCE692642A51900B1E488 /* AppDelegate.swift in Sources */ = {isa = PBXBuildFile; fileRef = 188BCE682642A51900B1E488 /* AppDelegate.swift */; };
		188BCE6B2642A51900B1E488 /* SceneDelegate.swift in Sources */ = {isa = PBXBuildFile; fileRef = 188BCE6A2642A51900B1E488 /* SceneDelegate.swift */; };
		188BCE6D2642A51900B1E488 /* ViewController.swift in Sources */ = {isa = PBXBuildFile; fileRef = 188BCE6C2642A51900B1E488 /* ViewController.swift */; };
		188BCE702642A51900B1E488 /* Main.storyboard in Resources */ = {isa = PBXBuildFile; fileRef = 188BCE6E2642A51900B1E488 /* Main.storyboard */; };
		188BCE722642A51D00B1E488 /* Assets.xcassets in Resources */ = {isa = PBXBuildFile; fileRef = 188BCE712642A51D00B1E488 /* Assets.xcassets */; };
		188BCE752642A51D00B1E488 /* LaunchScreen.storyboard in Resources */ = {isa = PBXBuildFile; fileRef = 188BCE732642A51D00B1E488 /* LaunchScreen.storyboard */; };
		188BCE7E2642C60A00B1E488 /* SettingsViewController.swift in Sources */ = {isa = PBXBuildFile; fileRef = 188BCE7D2642C60A00B1E488 /* SettingsViewController.swift */; };
		188BCE812642C61900B1E488 /* ScoresViewController.swift in Sources */ = {isa = PBXBuildFile; fileRef = 188BCE802642C61900B1E488 /* ScoresViewController.swift */; };
		188BCE842642C92000B1E488 /* GameViewController.swift in Sources */ = {isa = PBXBuildFile; fileRef = 188BCE832642C92000B1E488 /* GameViewController.swift */; };
		188BCE872642CE6D00B1E488 /* ViewControllerFactory.swift in Sources */ = {isa = PBXBuildFile; fileRef = 188BCE862642CE6D00B1E488 /* ViewControllerFactory.swift */; };
		189824BE266F1E3F00200515 /* GameSettings.swift in Sources */ = {isa = PBXBuildFile; fileRef = 189824BD266F1E3F00200515 /* GameSettings.swift */; };
		18EAD669265F5FB600ABE5BC /* Oliandre-DEMO.otf in Resources */ = {isa = PBXBuildFile; fileRef = 18EAD668265F5FB600ABE5BC /* Oliandre-DEMO.otf */; };
		18EAD66B265F65A100ABE5BC /* UIFonts+CustomFonts.swift in Sources */ = {isa = PBXBuildFile; fileRef = 18EAD66A265F65A100ABE5BC /* UIFonts+CustomFonts.swift */; };
/* End PBXBuildFile section */

/* Begin PBXFileReference section */
		188BCE652642A51900B1E488 /* Race.app */ = {isa = PBXFileReference; explicitFileType = wrapper.application; includeInIndex = 0; path = Race.app; sourceTree = BUILT_PRODUCTS_DIR; };
		188BCE682642A51900B1E488 /* AppDelegate.swift */ = {isa = PBXFileReference; lastKnownFileType = sourcecode.swift; path = AppDelegate.swift; sourceTree = "<group>"; };
		188BCE6A2642A51900B1E488 /* SceneDelegate.swift */ = {isa = PBXFileReference; lastKnownFileType = sourcecode.swift; path = SceneDelegate.swift; sourceTree = "<group>"; };
		188BCE6C2642A51900B1E488 /* ViewController.swift */ = {isa = PBXFileReference; lastKnownFileType = sourcecode.swift; path = ViewController.swift; sourceTree = "<group>"; };
		188BCE6F2642A51900B1E488 /* Base */ = {isa = PBXFileReference; lastKnownFileType = file.storyboard; name = Base; path = Base.lproj/Main.storyboard; sourceTree = "<group>"; };
		188BCE712642A51D00B1E488 /* Assets.xcassets */ = {isa = PBXFileReference; lastKnownFileType = folder.assetcatalog; path = Assets.xcassets; sourceTree = "<group>"; };
		188BCE742642A51D00B1E488 /* Base */ = {isa = PBXFileReference; lastKnownFileType = file.storyboard; name = Base; path = Base.lproj/LaunchScreen.storyboard; sourceTree = "<group>"; };
		188BCE762642A51D00B1E488 /* Info.plist */ = {isa = PBXFileReference; lastKnownFileType = text.plist.xml; path = Info.plist; sourceTree = "<group>"; };
		188BCE7D2642C60A00B1E488 /* SettingsViewController.swift */ = {isa = PBXFileReference; lastKnownFileType = sourcecode.swift; path = SettingsViewController.swift; sourceTree = "<group>"; };
		188BCE802642C61900B1E488 /* ScoresViewController.swift */ = {isa = PBXFileReference; lastKnownFileType = sourcecode.swift; path = ScoresViewController.swift; sourceTree = "<group>"; };
		188BCE832642C92000B1E488 /* GameViewController.swift */ = {isa = PBXFileReference; lastKnownFileType = sourcecode.swift; path = GameViewController.swift; sourceTree = "<group>"; };
		188BCE862642CE6D00B1E488 /* ViewControllerFactory.swift */ = {isa = PBXFileReference; lastKnownFileType = sourcecode.swift; path = ViewControllerFactory.swift; sourceTree = "<group>"; };
		189824BD266F1E3F00200515 /* GameSettings.swift */ = {isa = PBXFileReference; lastKnownFileType = sourcecode.swift; path = GameSettings.swift; sourceTree = "<group>"; };
		18EAD668265F5FB600ABE5BC /* Oliandre-DEMO.otf */ = {isa = PBXFileReference; lastKnownFileType = file; path = "Oliandre-DEMO.otf"; sourceTree = "<group>"; };
		18EAD66A265F65A100ABE5BC /* UIFonts+CustomFonts.swift */ = {isa = PBXFileReference; lastKnownFileType = sourcecode.swift; path = "UIFonts+CustomFonts.swift"; sourceTree = "<group>"; };
/* End PBXFileReference section */

/* Begin PBXFrameworksBuildPhase section */
		188BCE622642A51900B1E488 /* Frameworks */ = {
			isa = PBXFrameworksBuildPhase;
			buildActionMask = 2147483647;
			files = (
			);
			runOnlyForDeploymentPostprocessing = 0;
		};
/* End PBXFrameworksBuildPhase section */

/* Begin PBXGroup section */
		188BCE5C2642A51900B1E488 = {
			isa = PBXGroup;
			children = (
				188BCE672642A51900B1E488 /* Race */,
				188BCE662642A51900B1E488 /* Products */,
			);
			sourceTree = "<group>";
		};
		188BCE662642A51900B1E488 /* Products */ = {
			isa = PBXGroup;
			children = (
				188BCE652642A51900B1E488 /* Race.app */,
			);
			name = Products;
			sourceTree = "<group>";
		};
		188BCE672642A51900B1E488 /* Race */ = {
			isa = PBXGroup;
			children = (
				18EAD667265F5F9700ABE5BC /* Fonts */,
				188BCE682642A51900B1E488 /* AppDelegate.swift */,
				188BCE6A2642A51900B1E488 /* SceneDelegate.swift */,
				189824BD266F1E3F00200515 /* GameSettings.swift */,
				18EAD66A265F65A100ABE5BC /* UIFonts+CustomFonts.swift */,
				188BCE6C2642A51900B1E488 /* ViewController.swift */,
				188BCE7D2642C60A00B1E488 /* SettingsViewController.swift */,
				188BCE802642C61900B1E488 /* ScoresViewController.swift */,
				188BCE862642CE6D00B1E488 /* ViewControllerFactory.swift */,
				188BCE832642C92000B1E488 /* GameViewController.swift */,
				188BCE6E2642A51900B1E488 /* Main.storyboard */,
				188BCE712642A51D00B1E488 /* Assets.xcassets */,
				188BCE732642A51D00B1E488 /* LaunchScreen.storyboard */,
				188BCE762642A51D00B1E488 /* Info.plist */,
			);
			path = Race;
			sourceTree = "<group>";
		};
		18EAD667265F5F9700ABE5BC /* Fonts */ = {
			isa = PBXGroup;
			children = (
				18EAD668265F5FB600ABE5BC /* Oliandre-DEMO.otf */,
			);
			path = Fonts;
			sourceTree = "<group>";
		};
/* End PBXGroup section */

/* Begin PBXNativeTarget section */
		188BCE642642A51900B1E488 /* Race */ = {
			isa = PBXNativeTarget;
			buildConfigurationList = 188BCE792642A51D00B1E488 /* Build configuration list for PBXNativeTarget "Race" */;
			buildPhases = (
				188BCE612642A51900B1E488 /* Sources */,
				188BCE622642A51900B1E488 /* Frameworks */,
				188BCE632642A51900B1E488 /* Resources */,
			);
			buildRules = (
			);
			dependencies = (
			);
			name = Race;
			productName = Race;
			productReference = 188BCE652642A51900B1E488 /* Race.app */;
			productType = "com.apple.product-type.application";
		};
/* End PBXNativeTarget section */

/* Begin PBXProject section */
		188BCE5D2642A51900B1E488 /* Project object */ = {
			isa = PBXProject;
			attributes = {
				LastSwiftUpdateCheck = 1240;
				LastUpgradeCheck = 1240;
				TargetAttributes = {
					188BCE642642A51900B1E488 = {
						CreatedOnToolsVersion = 12.4;
					};
				};
			};
			buildConfigurationList = 188BCE602642A51900B1E488 /* Build configuration list for PBXProject "Race" */;
			compatibilityVersion = "Xcode 9.3";
			developmentRegion = en;
			hasScannedForEncodings = 0;
			knownRegions = (
				en,
				Base,
			);
			mainGroup = 188BCE5C2642A51900B1E488;
			productRefGroup = 188BCE662642A51900B1E488 /* Products */;
			projectDirPath = "";
			projectRoot = "";
			targets = (
				188BCE642642A51900B1E488 /* Race */,
			);
		};
/* End PBXProject section */

/* Begin PBXResourcesBuildPhase section */
		188BCE632642A51900B1E488 /* Resources */ = {
			isa = PBXResourcesBuildPhase;
			buildActionMask = 2147483647;
			files = (
				18EAD669265F5FB600ABE5BC /* Oliandre-DEMO.otf in Resources */,
				188BCE752642A51D00B1E488 /* LaunchScreen.storyboard in Resources */,
				188BCE722642A51D00B1E488 /* Assets.xcassets in Resources */,
				188BCE702642A51900B1E488 /* Main.storyboard in Resources */,
			);
			runOnlyForDeploymentPostprocessing = 0;
		};
/* End PBXResourcesBuildPhase section */

/* Begin PBXSourcesBuildPhase section */
		188BCE612642A51900B1E488 /* Sources */ = {
			isa = PBXSourcesBuildPhase;
			buildActionMask = 2147483647;
			files = (
				188BCE6D2642A51900B1E488 /* ViewController.swift in Sources */,
				188BCE872642CE6D00B1E488 /* ViewControllerFactory.swift in Sources */,
				189824BE266F1E3F00200515 /* GameSettings.swift in Sources */,
				188BCE812642C61900B1E488 /* ScoresViewController.swift in Sources */,
				188BCE692642A51900B1E488 /* AppDelegate.swift in Sources */,
				18EAD66B265F65A100ABE5BC /* UIFonts+CustomFonts.swift in Sources */,
				188BCE6B2642A51900B1E488 /* SceneDelegate.swift in Sources */,
				188BCE842642C92000B1E488 /* GameViewController.swift in Sources */,
				188BCE7E2642C60A00B1E488 /* SettingsViewController.swift in Sources */,
			);
			runOnlyForDeploymentPostprocessing = 0;
		};
/* End PBXSourcesBuildPhase section */

/* Begin PBXVariantGroup section */
		188BCE6E2642A51900B1E488 /* Main.storyboard */ = {
			isa = PBXVariantGroup;
			children = (
				188BCE6F2642A51900B1E488 /* Base */,
			);
			name = Main.storyboard;
			sourceTree = "<group>";
		};
		188BCE732642A51D00B1E488 /* LaunchScreen.storyboard */ = {
			isa = PBXVariantGroup;
			children = (
				188BCE742642A51D00B1E488 /* Base */,
			);
			name = LaunchScreen.storyboard;
			sourceTree = "<group>";
		};
/* End PBXVariantGroup section */

/* Begin XCBuildConfiguration section */
		188BCE772642A51D00B1E488 /* Debug */ = {
			isa = XCBuildConfiguration;
			buildSettings = {
				ALWAYS_SEARCH_USER_PATHS = NO;
				CLANG_ANALYZER_NONNULL = YES;
				CLANG_ANALYZER_NUMBER_OBJECT_CONVERSION = YES_AGGRESSIVE;
				CLANG_CXX_LANGUAGE_STANDARD = "gnu++14";
				CLANG_CXX_LIBRARY = "libc++";
				CLANG_ENABLE_MODULES = YES;
				CLANG_ENABLE_OBJC_ARC = YES;
				CLANG_ENABLE_OBJC_WEAK = YES;
				CLANG_WARN_BLOCK_CAPTURE_AUTORELEASING = YES;
				CLANG_WARN_BOOL_CONVERSION = YES;
				CLANG_WARN_COMMA = YES;
				CLANG_WARN_CONSTANT_CONVERSION = YES;
				CLANG_WARN_DEPRECATED_OBJC_IMPLEMENTATIONS = YES;
				CLANG_WARN_DIRECT_OBJC_ISA_USAGE = YES_ERROR;
				CLANG_WARN_DOCUMENTATION_COMMENTS = YES;
				CLANG_WARN_EMPTY_BODY = YES;
				CLANG_WARN_ENUM_CONVERSION = YES;
				CLANG_WARN_INFINITE_RECURSION = YES;
				CLANG_WARN_INT_CONVERSION = YES;
				CLANG_WARN_NON_LITERAL_NULL_CONVERSION = YES;
				CLANG_WARN_OBJC_IMPLICIT_RETAIN_SELF = YES;
				CLANG_WARN_OBJC_LITERAL_CONVERSION = YES;
				CLANG_WARN_OBJC_ROOT_CLASS = YES_ERROR;
				CLANG_WARN_QUOTED_INCLUDE_IN_FRAMEWORK_HEADER = YES;
				CLANG_WARN_RANGE_LOOP_ANALYSIS = YES;
				CLANG_WARN_STRICT_PROTOTYPES = YES;
				CLANG_WARN_SUSPICIOUS_MOVE = YES;
				CLANG_WARN_UNGUARDED_AVAILABILITY = YES_AGGRESSIVE;
				CLANG_WARN_UNREACHABLE_CODE = YES;
				CLANG_WARN__DUPLICATE_METHOD_MATCH = YES;
				COPY_PHASE_STRIP = NO;
				DEBUG_INFORMATION_FORMAT = dwarf;
				ENABLE_STRICT_OBJC_MSGSEND = YES;
				ENABLE_TESTABILITY = YES;
				GCC_C_LANGUAGE_STANDARD = gnu11;
				GCC_DYNAMIC_NO_PIC = NO;
				GCC_NO_COMMON_BLOCKS = YES;
				GCC_OPTIMIZATION_LEVEL = 0;
				GCC_PREPROCESSOR_DEFINITIONS = (
					"DEBUG=1",
					"$(inherited)",
				);
				GCC_WARN_64_TO_32_BIT_CONVERSION = YES;
				GCC_WARN_ABOUT_RETURN_TYPE = YES_ERROR;
				GCC_WARN_UNDECLARED_SELECTOR = YES;
				GCC_WARN_UNINITIALIZED_AUTOS = YES_AGGRESSIVE;
				GCC_WARN_UNUSED_FUNCTION = YES;
				GCC_WARN_UNUSED_VARIABLE = YES;
				IPHONEOS_DEPLOYMENT_TARGET = 14.4;
				MTL_ENABLE_DEBUG_INFO = INCLUDE_SOURCE;
				MTL_FAST_MATH = YES;
				ONLY_ACTIVE_ARCH = YES;
				SDKROOT = iphoneos;
				SWIFT_ACTIVE_COMPILATION_CONDITIONS = DEBUG;
				SWIFT_OPTIMIZATION_LEVEL = "-Onone";
			};
			name = Debug;
		};
		188BCE782642A51D00B1E488 /* Release */ = {
			isa = XCBuildConfiguration;
			buildSettings = {
				ALWAYS_SEARCH_USER_PATHS = NO;
				CLANG_ANALYZER_NONNULL = YES;
				CLANG_ANALYZER_NUMBER_OBJECT_CONVERSION = YES_AGGRESSIVE;
				CLANG_CXX_LANGUAGE_STANDARD = "gnu++14";
				CLANG_CXX_LIBRARY = "libc++";
				CLANG_ENABLE_MODULES = YES;
				CLANG_ENABLE_OBJC_ARC = YES;
				CLANG_ENABLE_OBJC_WEAK = YES;
				CLANG_WARN_BLOCK_CAPTURE_AUTORELEASING = YES;
				CLANG_WARN_BOOL_CONVERSION = YES;
				CLANG_WARN_COMMA = YES;
				CLANG_WARN_CONSTANT_CONVERSION = YES;
				CLANG_WARN_DEPRECATED_OBJC_IMPLEMENTATIONS = YES;
				CLANG_WARN_DIRECT_OBJC_ISA_USAGE = YES_ERROR;
				CLANG_WARN_DOCUMENTATION_COMMENTS = YES;
				CLANG_WARN_EMPTY_BODY = YES;
				CLANG_WARN_ENUM_CONVERSION = YES;
				CLANG_WARN_INFINITE_RECURSION = YES;
				CLANG_WARN_INT_CONVERSION = YES;
				CLANG_WARN_NON_LITERAL_NULL_CONVERSION = YES;
				CLANG_WARN_OBJC_IMPLICIT_RETAIN_SELF = YES;
				CLANG_WARN_OBJC_LITERAL_CONVERSION = YES;
				CLANG_WARN_OBJC_ROOT_CLASS = YES_ERROR;
				CLANG_WARN_QUOTED_INCLUDE_IN_FRAMEWORK_HEADER = YES;
				CLANG_WARN_RANGE_LOOP_ANALYSIS = YES;
				CLANG_WARN_STRICT_PROTOTYPES = YES;
				CLANG_WARN_SUSPICIOUS_MOVE = YES;
				CLANG_WARN_UNGUARDED_AVAILABILITY = YES_AGGRESSIVE;
				CLANG_WARN_UNREACHABLE_CODE = YES;
				CLANG_WARN__DUPLICATE_METHOD_MATCH = YES;
				COPY_PHASE_STRIP = NO;
				DEBUG_INFORMATION_FORMAT = "dwarf-with-dsym";
				ENABLE_NS_ASSERTIONS = NO;
				ENABLE_STRICT_OBJC_MSGSEND = YES;
				GCC_C_LANGUAGE_STANDARD = gnu11;
				GCC_NO_COMMON_BLOCKS = YES;
				GCC_WARN_64_TO_32_BIT_CONVERSION = YES;
				GCC_WARN_ABOUT_RETURN_TYPE = YES_ERROR;
				GCC_WARN_UNDECLARED_SELECTOR = YES;
				GCC_WARN_UNINITIALIZED_AUTOS = YES_AGGRESSIVE;
				GCC_WARN_UNUSED_FUNCTION = YES;
				GCC_WARN_UNUSED_VARIABLE = YES;
				IPHONEOS_DEPLOYMENT_TARGET = 14.4;
				MTL_ENABLE_DEBUG_INFO = NO;
				MTL_FAST_MATH = YES;
				SDKROOT = iphoneos;
				SWIFT_COMPILATION_MODE = wholemodule;
				SWIFT_OPTIMIZATION_LEVEL = "-O";
				VALIDATE_PRODUCT = YES;
			};
			name = Release;
		};
		188BCE7A2642A51D00B1E488 /* Debug */ = {
			isa = XCBuildConfiguration;
			buildSettings = {
				ASSETCATALOG_COMPILER_APPICON_NAME = AppIcon;
				ASSETCATALOG_COMPILER_GLOBAL_ACCENT_COLOR_NAME = AccentColor;
				CODE_SIGN_STYLE = Automatic;
				DEVELOPMENT_TEAM = GNQ5U977A2;
				INFOPLIST_FILE = Race/Info.plist;
				LD_RUNPATH_SEARCH_PATHS = (
					"$(inherited)",
					"@executable_path/Frameworks",
				);
				PRODUCT_BUNDLE_IDENTIFIER = "Lesson21-DZ-Race";
				PRODUCT_NAME = "$(TARGET_NAME)";
				SWIFT_VERSION = 5.0;
				TARGETED_DEVICE_FAMILY = "1,2";
			};
			name = Debug;
		};
		188BCE7B2642A51D00B1E488 /* Release */ = {
			isa = XCBuildConfiguration;
			buildSettings = {
				ASSETCATALOG_COMPILER_APPICON_NAME = AppIcon;
				ASSETCATALOG_COMPILER_GLOBAL_ACCENT_COLOR_NAME = AccentColor;
				CODE_SIGN_STYLE = Automatic;
				DEVELOPMENT_TEAM = GNQ5U977A2;
				INFOPLIST_FILE = Race/Info.plist;
				LD_RUNPATH_SEARCH_PATHS = (
					"$(inherited)",
					"@executable_path/Frameworks",
				);
				PRODUCT_BUNDLE_IDENTIFIER = "Lesson21-DZ-Race";
				PRODUCT_NAME = "$(TARGET_NAME)";
				SWIFT_VERSION = 5.0;
				TARGETED_DEVICE_FAMILY = "1,2";
			};
			name = Release;
		};
/* End XCBuildConfiguration section */

/* Begin XCConfigurationList section */
		188BCE602642A51900B1E488 /* Build configuration list for PBXProject "Race" */ = {
			isa = XCConfigurationList;
			buildConfigurations = (
				188BCE772642A51D00B1E488 /* Debug */,
				188BCE782642A51D00B1E488 /* Release */,
			);
			defaultConfigurationIsVisible = 0;
			defaultConfigurationName = Release;
		};
		188BCE792642A51D00B1E488 /* Build configuration list for PBXNativeTarget "Race" */ = {
			isa = XCConfigurationList;
			buildConfigurations = (
				188BCE7A2642A51D00B1E488 /* Debug */,
				188BCE7B2642A51D00B1E488 /* Release */,
			);
			defaultConfigurationIsVisible = 0;
			defaultConfigurationName = Release;
		};
/* End XCConfigurationList section */
	};
	rootObject = 188BCE5D2642A51900B1E488 /* Project object */;
}
